
Microsoft Visual Studio Solution File, Format Version 12.00
# Visual Studio Version 17
VisualStudioVersion = 17.9.34723.18
MinimumVisualStudioVersion = 10.0.40219.1
Project("{FAE04EC0-301F-11D3-BF4B-00C04F79EFBC}") = "Cleaner", "Cleaner.csproj", "{D70A1DDF-2D1B-41CB-B862-6A376B8FF196}"
EndProject
Global
	GlobalSection(SolutionConfigurationPlatforms) = preSolution
		Debug|Any CPU = Debug|Any CPU
		Release|Any CPU = Release|Any CPU
	EndGlobalSection
	GlobalSection(ProjectConfigurationPlatforms) = postSolution
		{D70A1DDF-2D1B-41CB-B862-6A376B8FF196}.Debug|Any CPU.ActiveCfg = Debug|Any CPU
		{D70A1DDF-2D1B-41CB-B862-6A376B8FF196}.Debug|Any CPU.Build.0 = Debug|Any CPU
		{D70A1DDF-2D1B-41CB-B862-6A376B8FF196}.Release|Any CPU.ActiveCfg = Release|Any CPU
		{D70A1DDF-2D1B-41CB-B862-6A376B8FF196}.Release|Any CPU.Build.0 = Release|Any CPU
	EndGlobalSection
	GlobalSection(SolutionProperties) = preSolution
		HideSolutionNode = FALSE
	EndGlobalSection
	GlobalSection(ExtensibilityGlobals) = postSolution
		SolutionGuid = {6B12497F-41C1-4DC9-A4EC-D2580C63B126}
	EndGlobalSection
EndGlobal
